
Microsoft Visual Studio Solution File, Format Version 12.00
# Visual Studio Version 17
VisualStudioVersion = 17.0.31611.283
MinimumVisualStudioVersion = 10.0.40219.1
Project("{9A19103F-16F7-4668-BE54-9A1E7A4F7556}") = "RandoFacile", "RandoFacile\RandoFacile.csproj", "{4CEED002-A1A1-4FFC-86DC-8FBB1BD59514}"
EndProject
Project("{FAE04EC0-301F-11D3-BF4B-00C04F79EFBC}") = "TestCommande", "TestCommande\TestCommande.csproj", "{01C900A6-9B88-4AFD-A981-394C72AF6165}"
EndProject
Global
	GlobalSection(SolutionConfigurationPlatforms) = preSolution
		Debug|Any CPU = Debug|Any CPU
		Release|Any CPU = Release|Any CPU
	EndGlobalSection
	GlobalSection(ProjectConfigurationPlatforms) = postSolution
		{4CEED002-A1A1-4FFC-86DC-8FBB1BD59514}.Debug|Any CPU.ActiveCfg = Debug|Any CPU
		{4CEED002-A1A1-4FFC-86DC-8FBB1BD59514}.Debug|Any CPU.Build.0 = Debug|Any CPU
		{4CEED002-A1A1-4FFC-86DC-8FBB1BD59514}.Debug|Any CPU.Deploy.0 = Debug|Any CPU
		{4CEED002-A1A1-4FFC-86DC-8FBB1BD59514}.Release|Any CPU.ActiveCfg = Release|Any CPU
		{4CEED002-A1A1-4FFC-86DC-8FBB1BD59514}.Release|Any CPU.Build.0 = Release|Any CPU
		{4CEED002-A1A1-4FFC-86DC-8FBB1BD59514}.Release|Any CPU.Deploy.0 = Release|Any CPU
		{01C900A6-9B88-4AFD-A981-394C72AF6165}.Debug|Any CPU.ActiveCfg = Debug|Any CPU
		{01C900A6-9B88-4AFD-A981-394C72AF6165}.Debug|Any CPU.Build.0 = Debug|Any CPU
		{01C900A6-9B88-4AFD-A981-394C72AF6165}.Release|Any CPU.ActiveCfg = Release|Any CPU
		{01C900A6-9B88-4AFD-A981-394C72AF6165}.Release|Any CPU.Build.0 = Release|Any CPU
	EndGlobalSection
	GlobalSection(SolutionProperties) = preSolution
		HideSolutionNode = FALSE
	EndGlobalSection
	GlobalSection(ExtensibilityGlobals) = postSolution
		SolutionGuid = {61F7FB11-1E47-470C-91E2-47F8143E1572}
	EndGlobalSection
EndGlobal
